
Microsoft Visual Studio Solution File, Format Version 12.00
# Visual Studio Version 17
VisualStudioVersion = 17.3.32922.545
MinimumVisualStudioVersion = 10.0.40219.1
Project("{9A19103F-16F7-4668-BE54-9A1E7A4F7556}") = "Ecommerce.CustomerSite", "Ecommerce.CustomerSite.csproj", "{0C8A340C-5102-47D4-9661-65B162601374}"
EndProject
Project("{9A19103F-16F7-4668-BE54-9A1E7A4F7556}") = "Ecommerce.API", "..\EcommerceAPI\Ecommerce.API.csproj", "{BCE28F36-9077-4A81-87A1-B48E3D988499}"
EndProject
Project("{9A19103F-16F7-4668-BE54-9A1E7A4F7556}") = "Ecommerce.DTO", "..\EcommerceClassLibrary\Ecommerce.DTO.csproj", "{0AC2BB52-96D3-402A-9331-E79E9ED4C0D6}"
EndProject
Global
	GlobalSection(SolutionConfigurationPlatforms) = preSolution
		Debug|Any CPU = Debug|Any CPU
		Release|Any CPU = Release|Any CPU
	EndGlobalSection
	GlobalSection(ProjectConfigurationPlatforms) = postSolution
		{0C8A340C-5102-47D4-9661-65B162601374}.Debug|Any CPU.ActiveCfg = Debug|Any CPU
		{0C8A340C-5102-47D4-9661-65B162601374}.Debug|Any CPU.Build.0 = Debug|Any CPU
		{0C8A340C-5102-47D4-9661-65B162601374}.Release|Any CPU.ActiveCfg = Release|Any CPU
		{0C8A340C-5102-47D4-9661-65B162601374}.Release|Any CPU.Build.0 = Release|Any CPU
		{BCE28F36-9077-4A81-87A1-B48E3D988499}.Debug|Any CPU.ActiveCfg = Debug|Any CPU
		{BCE28F36-9077-4A81-87A1-B48E3D988499}.Debug|Any CPU.Build.0 = Debug|Any CPU
		{BCE28F36-9077-4A81-87A1-B48E3D988499}.Release|Any CPU.ActiveCfg = Release|Any CPU
		{BCE28F36-9077-4A81-87A1-B48E3D988499}.Release|Any CPU.Build.0 = Release|Any CPU
		{0AC2BB52-96D3-402A-9331-E79E9ED4C0D6}.Debug|Any CPU.ActiveCfg = Debug|Any CPU
		{0AC2BB52-96D3-402A-9331-E79E9ED4C0D6}.Debug|Any CPU.Build.0 = Debug|Any CPU
		{0AC2BB52-96D3-402A-9331-E79E9ED4C0D6}.Release|Any CPU.ActiveCfg = Release|Any CPU
		{0AC2BB52-96D3-402A-9331-E79E9ED4C0D6}.Release|Any CPU.Build.0 = Release|Any CPU
	EndGlobalSection
	GlobalSection(SolutionProperties) = preSolution
		HideSolutionNode = FALSE
	EndGlobalSection
	GlobalSection(ExtensibilityGlobals) = postSolution
		SolutionGuid = {5F9E2006-6F85-47F3-9680-33C00CCDD018}
	EndGlobalSection
EndGlobal
